
Microsoft Visual Studio Solution File, Format Version 12.00
# Visual Studio 14
VisualStudioVersion = 14.0.25420.1
MinimumVisualStudioVersion = 10.0.40219.1
Project("{FAE04EC0-301F-11D3-BF4B-00C04F79EFBC}") = "UnfuckPyFiles", "UnfuckPyFiles\UnfuckPyFiles.csproj", "{DE9D2202-8238-4F0B-BED4-F7838F34234B}"
EndProject
Global
	GlobalSection(SolutionConfigurationPlatforms) = preSolution
		Debug|Any CPU = Debug|Any CPU
		Release|Any CPU = Release|Any CPU
	EndGlobalSection
	GlobalSection(ProjectConfigurationPlatforms) = postSolution
		{DE9D2202-8238-4F0B-BED4-F7838F34234B}.Debug|Any CPU.ActiveCfg = Debug|Any CPU
		{DE9D2202-8238-4F0B-BED4-F7838F34234B}.Debug|Any CPU.Build.0 = Debug|Any CPU
		{DE9D2202-8238-4F0B-BED4-F7838F34234B}.Release|Any CPU.ActiveCfg = Release|Any CPU
		{DE9D2202-8238-4F0B-BED4-F7838F34234B}.Release|Any CPU.Build.0 = Release|Any CPU
	EndGlobalSection
	GlobalSection(SolutionProperties) = preSolution
		HideSolutionNode = FALSE
	EndGlobalSection
EndGlobal
